<?xml version="1.0" encoding="utf-8"?>
<Project ToolsVersion="4.0" xmlns="http://schemas.microsoft.com/developer/msbuild/2003">
  <ItemGroup>
    <Filter Include="源文件">
      <UniqueIdentifier>{4FC737F1-C7A5-4376-A066-2A32D752A2FF}</UniqueIdentifier>
      <Extensions>cpp;c;cc;cxx;def;odl;idl;hpj;bat;asm;asmx</Extensions>
    </Filter>
    <Filter Include="头文件">
      <UniqueIdentifier>{93995380-89BD-4b04-88EB-625FBE52EBFB}</UniqueIdentifier>
      <Extensions>h;hpp;hxx;hm;inl;inc;xsd</Extensions>
    </Filter>
    <Filter Include="资源文件">
      <UniqueIdentifier>{67DA6AB6-F800-4c08-8B7A-83BB121AAD01}</UniqueIdentifier>
      <Extensions>rc;ico;cur;bmp;dlg;rc2;rct;bin;rgs;gif;jpg;jpeg;jpe;resx;tiff;tif;png;wav;mfcribbon-ms</Extensions>
    </Filter>
  </ItemGroup>
  <ItemGroup>
    <None Include="ReadMe.txt" />
  </ItemGroup>
  <ItemGroup>
    <ClInclude Include="stdafx.h">
      <Filter>头文件</Filter>
    </ClInclude>
    <ClInclude Include="targetver.h">
      <Filter>头文件</Filter>
    </ClInclude>
    <ClInclude Include="..\inc\api\imsapi_impl.h">
      <Filter>源文件</Filter>
    </ClInclude>
    <ClInclude Include="..\inc\core\event_handler.h">
      <Filter>源文件</Filter>
    </ClInclude>
    <ClInclude Include="..\inc\core\event_receiver.h">
      <Filter>源文件</Filter>
    </ClInclude>
    <ClInclude Include="..\inc\core\ims_core.h">
      <Filter>源文件</Filter>
    </ClInclude>
    <ClInclude Include="..\inc\core\ims_core_request.h">
      <Filter>源文件</Filter>
    </ClInclude>
    <ClInclude Include="..\inc\core\ims_core_session_mgr.h">
      <Filter>源文件</Filter>
    </ClInclude>
    <ClInclude Include="..\inc\core\ims_core_struct.h">
      <Filter>源文件</Filter>
    </ClInclude>
    <ClInclude Include="..\inc\core\ims_thread.h">
      <Filter>源文件</Filter>
    </ClInclude>
    <ClInclude Include="..\inc\core\session_thread.h">
      <Filter>源文件</Filter>
    </ClInclude>
    <ClInclude Include="..\inc\core\threadpool.h">
      <Filter>源文件</Filter>
    </ClInclude>
    <ClInclude Include="..\inc\fs\fs_info.h">
      <Filter>源文件</Filter>
    </ClInclude>
    <ClInclude Include="..\inc\fs\fs_mgr.h">
      <Filter>源文件</Filter>
    </ClInclude>
    <ClInclude Include="..\inc\fs\fs_opr.h">
      <Filter>源文件</Filter>
    </ClInclude>
    <ClInclude Include="..\inc\fs\fs_struct.h">
      <Filter>源文件</Filter>
    </ClInclude>
    <ClInclude Include="..\inc\utl\ims_conf.h">
      <Filter>源文件</Filter>
    </ClInclude>
    <ClInclude Include="..\inc\utl\ims_conf_loader.h">
      <Filter>源文件</Filter>
    </ClInclude>
    <ClInclude Include="..\inc\utl\ims_lock.h">
      <Filter>源文件</Filter>
    </ClInclude>
    <ClInclude Include="..\inc\utl\ims_log.h">
      <Filter>源文件</Filter>
    </ClInclude>
    <ClInclude Include="..\inc\utl\ims_monitor.h">
      <Filter>源文件</Filter>
    </ClInclude>
    <ClInclude Include="..\inc\utl\ims_obj_pool.h">
      <Filter>源文件</Filter>
    </ClInclude>
    <ClInclude Include="..\inc\utl\ims_tool.h">
      <Filter>源文件</Filter>
    </ClInclude>
    <ClInclude Include="..\inc\utl\queue.h">
      <Filter>源文件</Filter>
    </ClInclude>
    <ClInclude Include="..\inc\utl\singleton.h">
      <Filter>源文件</Filter>
    </ClInclude>
    <ClInclude Include="..\..\imsClient\Clientcallback.h">
      <Filter>源文件</Filter>
    </ClInclude>
  </ItemGroup>
  <ItemGroup>
    <ClCompile Include="stdafx.cpp">
      <Filter>源文件</Filter>
    </ClCompile>
    <ClCompile Include="ims.cpp">
      <Filter>源文件</Filter>
    </ClCompile>
    <ClCompile Include="..\src\api\imsapi_impl.cpp">
      <Filter>源文件</Filter>
    </ClCompile>
    <ClCompile Include="..\src\core\agent_event_handler.cpp">
      <Filter>源文件</Filter>
    </ClCompile>
    <ClCompile Include="..\src\core\conf_event_handler.cpp">
      <Filter>源文件</Filter>
    </ClCompile>
    <ClCompile Include="..\src\core\event_handler.cpp">
      <Filter>源文件</Filter>
    </ClCompile>
    <ClCompile Include="..\src\core\event_receiver.cpp">
      <Filter>源文件</Filter>
    </ClCompile>
    <ClCompile Include="..\src\core\ims_core_request.cpp">
      <Filter>源文件</Filter>
    </ClCompile>
    <ClCompile Include="..\src\core\ims_core_session_mgr.cpp">
      <Filter>源文件</Filter>
    </ClCompile>
    <ClCompile Include="..\src\core\ivrtransfer_event_handler.cpp">
      <Filter>源文件</Filter>
    </ClCompile>
    <ClCompile Include="..\src\core\record_event_handler.cpp">
      <Filter>源文件</Filter>
    </ClCompile>
    <ClCompile Include="..\src\core\session_thread.cpp">
      <Filter>源文件</Filter>
    </ClCompile>
    <ClCompile Include="..\src\core\singletrans_event_handler.cpp">
      <Filter>源文件</Filter>
    </ClCompile>
    <ClCompile Include="..\src\core\threadpool.cpp">
      <Filter>源文件</Filter>
    </ClCompile>
    <ClCompile Include="..\src\fs\fs_info.cpp">
      <Filter>源文件</Filter>
    </ClCompile>
    <ClCompile Include="..\src\fs\fs_mgr.cpp">
      <Filter>源文件</Filter>
    </ClCompile>
    <ClCompile Include="..\src\fs\fs_opr.cpp">
      <Filter>源文件</Filter>
    </ClCompile>
    <ClCompile Include="..\src\utl\ims_conf_loader.cpp">
      <Filter>源文件</Filter>
    </ClCompile>
    <ClCompile Include="..\src\utl\ims_monitor.cpp">
      <Filter>源文件</Filter>
    </ClCompile>
    <ClCompile Include="..\src\utl\ims_tool.cpp">
      <Filter>源文件</Filter>
    </ClCompile>
    <ClCompile Include="..\..\imsClient\TestimsClient.cpp">
      <Filter>源文件</Filter>
    </ClCompile>
    <ClCompile Include="..\..\imsClient\Clientcallback.cpp">
      <Filter>源文件</Filter>
    </ClCompile>
  </ItemGroup>
</Project>