<?xml version="1.0" encoding="utf-8"?>
<Project ToolsVersion="4.0" xmlns="http://schemas.microsoft.com/developer/msbuild/2003">
  <ItemGroup>
    <Filter Include="源文件">
      <UniqueIdentifier>{4FC737F1-C7A5-4376-A066-2A32D752A2FF}</UniqueIdentifier>
      <Extensions>cpp;c;cc;cxx;def;odl;idl;hpj;bat;asm;asmx</Extensions>
    </Filter>
    <Filter Include="头文件">
      <UniqueIdentifier>{93995380-89BD-4b04-88EB-625FBE52EBFB}</UniqueIdentifier>
      <Extensions>h;hpp;hxx;hm;inl;inc;xsd</Extensions>
    </Filter>
    <Filter Include="资源文件">
      <UniqueIdentifier>{67DA6AB6-F800-4c08-8B7A-83BB121AAD01}</UniqueIdentifier>
      <Extensions>rc;ico;cur;bmp;dlg;rc2;rct;bin;rgs;gif;jpg;jpeg;jpe;resx;tiff;tif;png;wav;mfcribbon-ms</Extensions>
    </Filter>
    <Filter Include="源文件\ims">
      <UniqueIdentifier>{8008179f-e7a5-4c51-88e5-c7e69062a00c}</UniqueIdentifier>
    </Filter>
    <Filter Include="源文件\fd">
      <UniqueIdentifier>{497d468f-b735-47c1-9199-0e9398d8ed8c}</UniqueIdentifier>
    </Filter>
  </ItemGroup>
  <ItemGroup>
    <None Include="ReadMe.txt" />
    <None Include="..\..\include\parser.y">
      <Filter>头文件</Filter>
    </None>
    <None Include="..\..\src\fs\.fs_mgr.cpp.swp">
      <Filter>源文件\fd</Filter>
    </None>
  </ItemGroup>
  <ItemGroup>
    <ClInclude Include="stdafx.h">
      <Filter>头文件</Filter>
    </ClInclude>
    <ClInclude Include="targetver.h">
      <Filter>头文件</Filter>
    </ClInclude>
    <ClInclude Include="..\..\include\node_setassociatedata.h">
      <Filter>头文件</Filter>
    </ClInclude>
    <ClInclude Include="..\..\include\node_stopmedia.h">
      <Filter>头文件</Filter>
    </ClInclude>
    <ClInclude Include="..\..\include\node_stoprecord.h">
      <Filter>头文件</Filter>
    </ClInclude>
    <ClInclude Include="..\..\include\node_stoptimer.h">
      <Filter>头文件</Filter>
    </ClInclude>
    <ClInclude Include="..\..\include\node_transagent.h">
      <Filter>头文件</Filter>
    </ClInclude>
    <ClInclude Include="..\..\include\node_waitevent.h">
      <Filter>头文件</Filter>
    </ClInclude>
    <ClInclude Include="..\..\include\node_whatweekday.h">
      <Filter>头文件</Filter>
    </ClInclude>
    <ClInclude Include="..\..\include\node_writelog.h">
      <Filter>头文件</Filter>
    </ClInclude>
    <ClInclude Include="..\..\include\parser.h">
      <Filter>头文件</Filter>
    </ClInclude>
    <ClInclude Include="..\..\include\thread_pool.h">
      <Filter>头文件</Filter>
    </ClInclude>
    <ClInclude Include="..\..\include\threadtools.h">
      <Filter>头文件</Filter>
    </ClInclude>
    <ClInclude Include="..\..\include\tools.h">
      <Filter>头文件</Filter>
    </ClInclude>
    <ClInclude Include="..\..\include\worker_thread.h">
      <Filter>头文件</Filter>
    </ClInclude>
    <ClInclude Include="..\..\include\arithmetic_operate.h">
      <Filter>头文件</Filter>
    </ClInclude>
    <ClInclude Include="..\..\include\autodial_chan_thread.h">
      <Filter>头文件</Filter>
    </ClInclude>
    <ClInclude Include="..\..\include\autorun_chan_thread.h">
      <Filter>头文件</Filter>
    </ClInclude>
    <ClInclude Include="..\..\include\autorun_manager.h">
      <Filter>头文件</Filter>
    </ClInclude>
    <ClInclude Include="..\..\include\calldata_manager.h">
      <Filter>头文件</Filter>
    </ClInclude>
    <ClInclude Include="..\..\include\common.h">
      <Filter>头文件</Filter>
    </ClInclude>
    <ClInclude Include="..\..\include\conf_manager.h">
      <Filter>头文件</Filter>
    </ClInclude>
    <ClInclude Include="..\..\include\cpu_manager.h">
      <Filter>头文件</Filter>
    </ClInclude>
    <ClInclude Include="..\..\include\db_pool.h">
      <Filter>头文件</Filter>
    </ClInclude>
    <ClInclude Include="..\..\include\flow_manager.h">
      <Filter>头文件</Filter>
    </ClInclude>
    <ClInclude Include="..\..\include\fs_operator.h">
      <Filter>头文件</Filter>
    </ClInclude>
    <ClInclude Include="..\..\include\http.h">
      <Filter>头文件</Filter>
    </ClInclude>
    <ClInclude Include="..\..\include\inbound_chan_thread.h">
      <Filter>头文件</Filter>
    </ClInclude>
    <ClInclude Include="..\..\include\ini_file.h">
      <Filter>头文件</Filter>
    </ClInclude>
    <ClInclude Include="..\..\include\ivr_instance_manager.h">
      <Filter>头文件</Filter>
    </ClInclude>
    <ClInclude Include="..\..\include\ivr_timer.h">
      <Filter>头文件</Filter>
    </ClInclude>
    <ClInclude Include="..\..\include\ivr_type.h">
      <Filter>头文件</Filter>
    </ClInclude>
    <ClInclude Include="..\..\include\ivrapi.h">
      <Filter>头文件</Filter>
    </ClInclude>
    <ClInclude Include="..\..\include\lock.h">
      <Filter>头文件</Filter>
    </ClInclude>
    <ClInclude Include="..\..\include\node_answer.h">
      <Filter>头文件</Filter>
    </ClInclude>
    <ClInclude Include="..\..\include\node_assign.h">
      <Filter>头文件</Filter>
    </ClInclude>
    <ClInclude Include="..\..\include\node_base.h">
      <Filter>头文件</Filter>
    </ClInclude>
    <ClInclude Include="..\..\include\node_bridge.h">
      <Filter>头文件</Filter>
    </ClInclude>
    <ClInclude Include="..\..\include\node_bridgeex.h">
      <Filter>头文件</Filter>
    </ClInclude>
    <ClInclude Include="..\..\include\node_cancelagent.h">
      <Filter>头文件</Filter>
    </ClInclude>
    <ClInclude Include="..\..\include\node_compare.h">
      <Filter>头文件</Filter>
    </ClInclude>
    <ClInclude Include="..\..\include\node_db.h">
      <Filter>头文件</Filter>
    </ClInclude>
    <ClInclude Include="..\..\include\node_dial.h">
      <Filter>头文件</Filter>
    </ClInclude>
    <ClInclude Include="..\..\include\node_factory.h">
      <Filter>头文件</Filter>
    </ClInclude>
    <ClInclude Include="..\..\include\node_getassociatedata.h">
      <Filter>头文件</Filter>
    </ClInclude>
    <ClInclude Include="..\..\include\node_getdigits.h">
      <Filter>头文件</Filter>
    </ClInclude>
    <ClInclude Include="..\..\include\node_hangup.h">
      <Filter>头文件</Filter>
    </ClInclude>
    <ClInclude Include="..\..\include\node_http.h">
      <Filter>头文件</Filter>
    </ClInclude>
    <ClInclude Include="..\..\include\node_imsresponsecmp.h">
      <Filter>头文件</Filter>
    </ClInclude>
    <ClInclude Include="..\..\include\node_jsonget.h">
      <Filter>头文件</Filter>
    </ClInclude>
    <ClInclude Include="..\..\include\node_jsonget_array.h">
      <Filter>头文件</Filter>
    </ClInclude>
    <ClInclude Include="..\..\include\node_jsonget_arraylen.h">
      <Filter>头文件</Filter>
    </ClInclude>
    <ClInclude Include="..\..\include\node_makecall.h">
      <Filter>头文件</Filter>
    </ClInclude>
    <ClInclude Include="..\..\include\node_play.h">
      <Filter>头文件</Filter>
    </ClInclude>
    <ClInclude Include="..\..\include\node_playnum.h">
      <Filter>头文件</Filter>
    </ClInclude>
    <ClInclude Include="..\..\include\node_readini.h">
      <Filter>头文件</Filter>
    </ClInclude>
    <ClInclude Include="..\..\include\node_record.h">
      <Filter>头文件</Filter>
    </ClInclude>
    <ClInclude Include="..\..\include\node_regtimer.h">
      <Filter>头文件</Filter>
    </ClInclude>
    <ClInclude Include="..\..\include\node_requestagent.h">
      <Filter>头文件</Filter>
    </ClInclude>
    <ClInclude Include="..\..\include\node_resource.h">
      <Filter>头文件</Filter>
    </ClInclude>
  </ItemGroup>
  <ItemGroup>
    <ClCompile Include="stdafx.cpp">
      <Filter>源文件</Filter>
    </ClCompile>
    <ClCompile Include="ivrtest.cpp">
      <Filter>源文件</Filter>
    </ClCompile>
    <ClCompile Include="..\..\include\parser.c">
      <Filter>头文件</Filter>
    </ClCompile>
    <ClCompile Include="..\..\include\utl.cpp">
      <Filter>头文件</Filter>
    </ClCompile>
    <ClCompile Include="..\..\src\node_setassociatedata.cpp">
      <Filter>源文件</Filter>
    </ClCompile>
    <ClCompile Include="..\..\src\node_stopmedia.cpp">
      <Filter>源文件</Filter>
    </ClCompile>
    <ClCompile Include="..\..\src\node_stoprecord.cpp">
      <Filter>源文件</Filter>
    </ClCompile>
    <ClCompile Include="..\..\src\node_stoptimer.cpp">
      <Filter>源文件</Filter>
    </ClCompile>
    <ClCompile Include="..\..\src\node_transagent.cpp">
      <Filter>源文件</Filter>
    </ClCompile>
    <ClCompile Include="..\..\src\node_waitevent.cpp">
      <Filter>源文件</Filter>
    </ClCompile>
    <ClCompile Include="..\..\src\node_whatweekday.cpp">
      <Filter>源文件</Filter>
    </ClCompile>
    <ClCompile Include="..\..\src\node_writelog.cpp">
      <Filter>源文件</Filter>
    </ClCompile>
    <ClCompile Include="..\..\src\thread_pool.cpp">
      <Filter>源文件</Filter>
    </ClCompile>
    <ClCompile Include="..\..\src\tools.cpp">
      <Filter>源文件</Filter>
    </ClCompile>
    <ClCompile Include="..\..\src\arithmetic_operate.cpp">
      <Filter>源文件</Filter>
    </ClCompile>
    <ClCompile Include="..\..\src\autodial_chan_thread.cpp">
      <Filter>源文件</Filter>
    </ClCompile>
    <ClCompile Include="..\..\src\autorun_chan_thread.cpp">
      <Filter>源文件</Filter>
    </ClCompile>
    <ClCompile Include="..\..\src\autorun_manager.cpp">
      <Filter>源文件</Filter>
    </ClCompile>
    <ClCompile Include="..\..\src\calldata_manager.cpp">
      <Filter>源文件</Filter>
    </ClCompile>
    <ClCompile Include="..\..\src\common.cpp">
      <Filter>源文件</Filter>
    </ClCompile>
    <ClCompile Include="..\..\src\conf_manager.cpp">
      <Filter>源文件</Filter>
    </ClCompile>
    <ClCompile Include="..\..\src\cpu_manager.cpp">
      <Filter>源文件</Filter>
    </ClCompile>
    <ClCompile Include="..\..\src\db_pool.cpp">
      <Filter>源文件</Filter>
    </ClCompile>
    <ClCompile Include="..\..\src\flow_manager.cpp">
      <Filter>源文件</Filter>
    </ClCompile>
    <ClCompile Include="..\..\src\fs_operator.cpp">
      <Filter>源文件</Filter>
    </ClCompile>
    <ClCompile Include="..\..\src\http.cpp">
      <Filter>源文件</Filter>
    </ClCompile>
    <ClCompile Include="..\..\src\inbound_chan_thread.cpp">
      <Filter>源文件</Filter>
    </ClCompile>
    <ClCompile Include="..\..\src\ini_file.cpp">
      <Filter>源文件</Filter>
    </ClCompile>
    <ClCompile Include="..\..\src\ivr_instance_manager.cpp">
      <Filter>源文件</Filter>
    </ClCompile>
    <ClCompile Include="..\..\src\ivr_server.cpp">
      <Filter>源文件</Filter>
    </ClCompile>
    <ClCompile Include="..\..\src\ivr_timer.cpp">
      <Filter>源文件</Filter>
    </ClCompile>
    <ClCompile Include="..\..\src\ivrapi.cpp">
      <Filter>源文件</Filter>
    </ClCompile>
    <ClCompile Include="..\..\src\node_answer.cpp">
      <Filter>源文件</Filter>
    </ClCompile>
    <ClCompile Include="..\..\src\node_assign.cpp">
      <Filter>源文件</Filter>
    </ClCompile>
    <ClCompile Include="..\..\src\node_base.cpp">
      <Filter>源文件</Filter>
    </ClCompile>
    <ClCompile Include="..\..\src\node_bridge.cpp">
      <Filter>源文件</Filter>
    </ClCompile>
    <ClCompile Include="..\..\src\node_bridgeex.cpp">
      <Filter>源文件</Filter>
    </ClCompile>
    <ClCompile Include="..\..\src\node_cancelagent.cpp">
      <Filter>源文件</Filter>
    </ClCompile>
    <ClCompile Include="..\..\src\node_compare.cpp">
      <Filter>源文件</Filter>
    </ClCompile>
    <ClCompile Include="..\..\src\node_db.cpp">
      <Filter>源文件</Filter>
    </ClCompile>
    <ClCompile Include="..\..\src\node_dial.cpp">
      <Filter>源文件</Filter>
    </ClCompile>
    <ClCompile Include="..\..\src\node_factory.cpp">
      <Filter>源文件</Filter>
    </ClCompile>
    <ClCompile Include="..\..\src\node_getassociatedata.cpp">
      <Filter>源文件</Filter>
    </ClCompile>
    <ClCompile Include="..\..\src\node_getdigits.cpp">
      <Filter>源文件</Filter>
    </ClCompile>
    <ClCompile Include="..\..\src\node_hangup.cpp">
      <Filter>源文件</Filter>
    </ClCompile>
    <ClCompile Include="..\..\src\node_http.cpp">
      <Filter>源文件</Filter>
    </ClCompile>
    <ClCompile Include="..\..\src\node_imsresponsecmp.cpp">
      <Filter>源文件</Filter>
    </ClCompile>
    <ClCompile Include="..\..\src\node_jsonget.cpp">
      <Filter>源文件</Filter>
    </ClCompile>
    <ClCompile Include="..\..\src\node_jsonget_array.cpp">
      <Filter>源文件</Filter>
    </ClCompile>
    <ClCompile Include="..\..\src\node_jsonget_arraylen.cpp">
      <Filter>源文件</Filter>
    </ClCompile>
    <ClCompile Include="..\..\src\node_makecall.cpp">
      <Filter>源文件</Filter>
    </ClCompile>
    <ClCompile Include="..\..\src\node_play.cpp">
      <Filter>源文件</Filter>
    </ClCompile>
    <ClCompile Include="..\..\src\node_playnum.cpp">
      <Filter>源文件</Filter>
    </ClCompile>
    <ClCompile Include="..\..\src\node_readini.cpp">
      <Filter>源文件</Filter>
    </ClCompile>
    <ClCompile Include="..\..\src\node_record.cpp">
      <Filter>源文件</Filter>
    </ClCompile>
    <ClCompile Include="..\..\src\node_regtimer.cpp">
      <Filter>源文件</Filter>
    </ClCompile>
    <ClCompile Include="..\..\src\node_requestagent.cpp">
      <Filter>源文件</Filter>
    </ClCompile>
    <ClCompile Include="..\..\src\node_resource.cpp">
      <Filter>源文件</Filter>
    </ClCompile>
    <ClCompile Include="..\..\src\ims\ims_info.cpp">
      <Filter>源文件\ims</Filter>
    </ClCompile>
    <ClCompile Include="..\..\src\ims\ims_mgr.cpp">
      <Filter>源文件\ims</Filter>
    </ClCompile>
    <ClCompile Include="..\..\src\ims\eventimp.cpp">
      <Filter>源文件\ims</Filter>
    </ClCompile>
    <ClCompile Include="..\..\src\fs\fs_info.cpp">
      <Filter>源文件\fd</Filter>
    </ClCompile>
    <ClCompile Include="..\..\src\fs\fs_mgr.cpp">
      <Filter>源文件\fd</Filter>
    </ClCompile>
    <ClCompile Include="..\..\src\fs\fs_opr.cpp">
      <Filter>源文件\fd</Filter>
    </ClCompile>
    <ClCompile Include="..\..\src\fs\event_receiver.cpp">
      <Filter>源文件\fd</Filter>
    </ClCompile>
  </ItemGroup>
</Project>